
Microsoft Visual Studio Solution File, Format Version 12.00
# Visual Studio Version 17
VisualStudioVersion = 17.0.32112.339
MinimumVisualStudioVersion = 10.0.40219.1
Project("{9A19103F-16F7-4668-BE54-9A1E7A4F7556}") = "T1. Sum Matrix Elements", "T1. Sum Matrix Elements\T1. Sum Matrix Elements.csproj", "{6FC3011B-E4F6-415C-A57F-C9F86F03CCCE}"
EndProject
Project("{9A19103F-16F7-4668-BE54-9A1E7A4F7556}") = "T2. Sum Matrix Columns", "T2. Sum Matrix Columns\T2. Sum Matrix Columns.csproj", "{708D1679-29DA-45D9-ACD5-74F96B16F166}"
EndProject
Project("{9A19103F-16F7-4668-BE54-9A1E7A4F7556}") = "T3. Primary Diagonal", "T3. Primary Diagonal\T3. Primary Diagonal.csproj", "{D5DD87E1-1D3B-497C-A696-1A64692055BD}"
EndProject
Project("{9A19103F-16F7-4668-BE54-9A1E7A4F7556}") = "T4. Symbol in Matrix", "T4. Symbol in Matrix\T4. Symbol in Matrix.csproj", "{7458A3F2-6061-48BC-9971-4156BD55D705}"
EndProject
Project("{9A19103F-16F7-4668-BE54-9A1E7A4F7556}") = "T5. Square With Maximum Sum", "T5. Square With Maximum Sum\T5. Square With Maximum Sum.csproj", "{F20931CA-A13D-429C-99E5-FE52899051AC}"
EndProject
Project("{9A19103F-16F7-4668-BE54-9A1E7A4F7556}") = "T6. Jagged-Array Modification", "T6. Jagged-Array Modification\T6. Jagged-Array Modification.csproj", "{097CEEAE-E567-4D61-AC02-B90C4B9E77A3}"
EndProject
Project("{FAE04EC0-301F-11D3-BF4B-00C04F79EFBC}") = "T7. Pascal Triangle", "T7. Pascal Triangle\T7. Pascal Triangle.csproj", "{35AEC8DF-9757-412B-AF5F-EE36FCFA3802}"
EndProject
Global
	GlobalSection(SolutionConfigurationPlatforms) = preSolution
		Debug|Any CPU = Debug|Any CPU
		Release|Any CPU = Release|Any CPU
	EndGlobalSection
	GlobalSection(ProjectConfigurationPlatforms) = postSolution
		{6FC3011B-E4F6-415C-A57F-C9F86F03CCCE}.Debug|Any CPU.ActiveCfg = Debug|Any CPU
		{6FC3011B-E4F6-415C-A57F-C9F86F03CCCE}.Debug|Any CPU.Build.0 = Debug|Any CPU
		{6FC3011B-E4F6-415C-A57F-C9F86F03CCCE}.Release|Any CPU.ActiveCfg = Release|Any CPU
		{6FC3011B-E4F6-415C-A57F-C9F86F03CCCE}.Release|Any CPU.Build.0 = Release|Any CPU
		{708D1679-29DA-45D9-ACD5-74F96B16F166}.Debug|Any CPU.ActiveCfg = Debug|Any CPU
		{708D1679-29DA-45D9-ACD5-74F96B16F166}.Debug|Any CPU.Build.0 = Debug|Any CPU
		{708D1679-29DA-45D9-ACD5-74F96B16F166}.Release|Any CPU.ActiveCfg = Release|Any CPU
		{708D1679-29DA-45D9-ACD5-74F96B16F166}.Release|Any CPU.Build.0 = Release|Any CPU
		{D5DD87E1-1D3B-497C-A696-1A64692055BD}.Debug|Any CPU.ActiveCfg = Debug|Any CPU
		{D5DD87E1-1D3B-497C-A696-1A64692055BD}.Debug|Any CPU.Build.0 = Debug|Any CPU
		{D5DD87E1-1D3B-497C-A696-1A64692055BD}.Release|Any CPU.ActiveCfg = Release|Any CPU
		{D5DD87E1-1D3B-497C-A696-1A64692055BD}.Release|Any CPU.Build.0 = Release|Any CPU
		{7458A3F2-6061-48BC-9971-4156BD55D705}.Debug|Any CPU.ActiveCfg = Debug|Any CPU
		{7458A3F2-6061-48BC-9971-4156BD55D705}.Debug|Any CPU.Build.0 = Debug|Any CPU
		{7458A3F2-6061-48BC-9971-4156BD55D705}.Release|Any CPU.ActiveCfg = Release|Any CPU
		{7458A3F2-6061-48BC-9971-4156BD55D705}.Release|Any CPU.Build.0 = Release|Any CPU
		{F20931CA-A13D-429C-99E5-FE52899051AC}.Debug|Any CPU.ActiveCfg = Debug|Any CPU
		{F20931CA-A13D-429C-99E5-FE52899051AC}.Debug|Any CPU.Build.0 = Debug|Any CPU
		{F20931CA-A13D-429C-99E5-FE52899051AC}.Release|Any CPU.ActiveCfg = Release|Any CPU
		{F20931CA-A13D-429C-99E5-FE52899051AC}.Release|Any CPU.Build.0 = Release|Any CPU
		{097CEEAE-E567-4D61-AC02-B90C4B9E77A3}.Debug|Any CPU.ActiveCfg = Debug|Any CPU
		{097CEEAE-E567-4D61-AC02-B90C4B9E77A3}.Debug|Any CPU.Build.0 = Debug|Any CPU
		{097CEEAE-E567-4D61-AC02-B90C4B9E77A3}.Release|Any CPU.ActiveCfg = Release|Any CPU
		{097CEEAE-E567-4D61-AC02-B90C4B9E77A3}.Release|Any CPU.Build.0 = Release|Any CPU
		{35AEC8DF-9757-412B-AF5F-EE36FCFA3802}.Debug|Any CPU.ActiveCfg = Debug|Any CPU
		{35AEC8DF-9757-412B-AF5F-EE36FCFA3802}.Debug|Any CPU.Build.0 = Debug|Any CPU
		{35AEC8DF-9757-412B-AF5F-EE36FCFA3802}.Release|Any CPU.ActiveCfg = Release|Any CPU
		{35AEC8DF-9757-412B-AF5F-EE36FCFA3802}.Release|Any CPU.Build.0 = Release|Any CPU
	EndGlobalSection
	GlobalSection(SolutionProperties) = preSolution
		HideSolutionNode = FALSE
	EndGlobalSection
	GlobalSection(ExtensibilityGlobals) = postSolution
		SolutionGuid = {232B6410-FE4C-48F9-942B-EFA5D063D8FB}
	EndGlobalSection
EndGlobal
