
Microsoft Visual Studio Solution File, Format Version 12.00
# Visual Studio Version 17
VisualStudioVersion = 17.0.32112.339
MinimumVisualStudioVersion = 10.0.40219.1
Project("{9A19103F-16F7-4668-BE54-9A1E7A4F7556}") = "T1. Sum Matrix Elements", "T1. Sum Matrix Elements\T1. Sum Matrix Elements.csproj", "{6FC3011B-E4F6-415C-A57F-C9F86F03CCCE}"
EndProject
Project("{9A19103F-16F7-4668-BE54-9A1E7A4F7556}") = "T2. Sum Matrix Columns", "T2. Sum Matrix Columns\T2. Sum Matrix Columns.csproj", "{708D1679-29DA-45D9-ACD5-74F96B16F166}"
EndProject
Project("{9A19103F-16F7-4668-BE54-9A1E7A4F7556}") = "T3. Primary Diagonal", "T3. Primary Diagonal\T3. Primary Diagonal.csproj", "{D5DD87E1-1D3B-497C-A696-1A64692055BD}"
EndProject
Project("{9A19103F-16F7-4668-BE54-9A1E7A4F7556}") = "T4. Symbol in Matrix", "T4. Symbol in Matrix\T4. Symbol in Matrix.csproj", "{7458A3F2-6061-48BC-9971-4156BD55D705}"
EndProject
Project("{9A19103F-16F7-4668-BE54-9A1E7A4F7556}") = "T5. Square With Maximum Sum", "T5. Square With Maximum Sum\T5. Square With Maximum Sum.csproj", "{F20931CA-A13D-429C-99E5-FE52899051AC}"
EndProject
Project("{9A19103F-16F7-4668-BE54-9A1E7A4F7556}") = "T6. Jagged-Array Modification", "T6. Jagged-Array Modification\T6. Jagged-Array Modification.csproj", "{097CEEAE-E567-4D61-AC02-B90C4B9E77A3}"
EndProject
Project("{9A19103F-16F7-4668-BE54-9A1E7A4F7556}") = "T7. Pascal Triangle", "T7. Pascal Triangle\T7. Pascal Triangle.csproj", "{35AEC8DF-9757-412B-AF5F-EE36FCFA3802}"
EndProject
Project("{FAE04EC0-301F-11D3-BF4B-00C04F79EFBC}") = "SumElements", "SumElements\SumElements.csproj", "{D3C8065E-B262-4EFD-B31A-D5AC90C346AD}"
EndProject
Project("{FAE04EC0-301F-11D3-BF4B-00C04F79EFBC}") = "SumColumsFromMatrix", "SumColumsFromMatrix\SumColumsFromMatrix.csproj", "{4B1AF7D9-2D59-4FBF-B6EA-055F1C47FFED}"
EndProject
Project("{FAE04EC0-301F-11D3-BF4B-00C04F79EFBC}") = "PrimaryDiagonal", "PrimaryDiagonal\PrimaryDiagonal.csproj", "{3440BD37-84AD-4362-B245-28150C6B9AD8}"
EndProject
Project("{FAE04EC0-301F-11D3-BF4B-00C04F79EFBC}") = "SymbolInMatrix", "SymbolInMatrix\SymbolInMatrix.csproj", "{2809AE6E-0443-4CDD-BE2B-C9594F7602F6}"
EndProject
Project("{FAE04EC0-301F-11D3-BF4B-00C04F79EFBC}") = "PrintingJaggedArray", "PrintingJaggedArray\PrintingJaggedArray.csproj", "{31174BD1-5457-4693-A90D-BCF021A8193D}"
EndProject
Project("{FAE04EC0-301F-11D3-BF4B-00C04F79EFBC}") = "SquareWithMaxSum", "SquareWithMaxSum\SquareWithMaxSum.csproj", "{878709E8-0FA0-4022-9C08-41C08A37493C}"
EndProject
Project("{FAE04EC0-301F-11D3-BF4B-00C04F79EFBC}") = "PascalTriangle", "PascalTriangle\PascalTriangle.csproj", "{88462C8C-56C7-4175-B875-5EBCCFC64FA6}"
EndProject
Project("{FAE04EC0-301F-11D3-BF4B-00C04F79EFBC}") = "JaggedArrayModification", "JaggedArrayModification\JaggedArrayModification.csproj", "{2D964C46-21B2-4ABB-A0B2-E9DF86C5791A}"
EndProject
Global
	GlobalSection(SolutionConfigurationPlatforms) = preSolution
		Debug|Any CPU = Debug|Any CPU
		Release|Any CPU = Release|Any CPU
	EndGlobalSection
	GlobalSection(ProjectConfigurationPlatforms) = postSolution
		{6FC3011B-E4F6-415C-A57F-C9F86F03CCCE}.Debug|Any CPU.ActiveCfg = Debug|Any CPU
		{6FC3011B-E4F6-415C-A57F-C9F86F03CCCE}.Debug|Any CPU.Build.0 = Debug|Any CPU
		{6FC3011B-E4F6-415C-A57F-C9F86F03CCCE}.Release|Any CPU.ActiveCfg = Release|Any CPU
		{6FC3011B-E4F6-415C-A57F-C9F86F03CCCE}.Release|Any CPU.Build.0 = Release|Any CPU
		{708D1679-29DA-45D9-ACD5-74F96B16F166}.Debug|Any CPU.ActiveCfg = Debug|Any CPU
		{708D1679-29DA-45D9-ACD5-74F96B16F166}.Debug|Any CPU.Build.0 = Debug|Any CPU
		{708D1679-29DA-45D9-ACD5-74F96B16F166}.Release|Any CPU.ActiveCfg = Release|Any CPU
		{708D1679-29DA-45D9-ACD5-74F96B16F166}.Release|Any CPU.Build.0 = Release|Any CPU
		{D5DD87E1-1D3B-497C-A696-1A64692055BD}.Debug|Any CPU.ActiveCfg = Debug|Any CPU
		{D5DD87E1-1D3B-497C-A696-1A64692055BD}.Debug|Any CPU.Build.0 = Debug|Any CPU
		{D5DD87E1-1D3B-497C-A696-1A64692055BD}.Release|Any CPU.ActiveCfg = Release|Any CPU
		{D5DD87E1-1D3B-497C-A696-1A64692055BD}.Release|Any CPU.Build.0 = Release|Any CPU
		{7458A3F2-6061-48BC-9971-4156BD55D705}.Debug|Any CPU.ActiveCfg = Debug|Any CPU
		{7458A3F2-6061-48BC-9971-4156BD55D705}.Debug|Any CPU.Build.0 = Debug|Any CPU
		{7458A3F2-6061-48BC-9971-4156BD55D705}.Release|Any CPU.ActiveCfg = Release|Any CPU
		{7458A3F2-6061-48BC-9971-4156BD55D705}.Release|Any CPU.Build.0 = Release|Any CPU
		{F20931CA-A13D-429C-99E5-FE52899051AC}.Debug|Any CPU.ActiveCfg = Debug|Any CPU
		{F20931CA-A13D-429C-99E5-FE52899051AC}.Debug|Any CPU.Build.0 = Debug|Any CPU
		{F20931CA-A13D-429C-99E5-FE52899051AC}.Release|Any CPU.ActiveCfg = Release|Any CPU
		{F20931CA-A13D-429C-99E5-FE52899051AC}.Release|Any CPU.Build.0 = Release|Any CPU
		{097CEEAE-E567-4D61-AC02-B90C4B9E77A3}.Debug|Any CPU.ActiveCfg = Debug|Any CPU
		{097CEEAE-E567-4D61-AC02-B90C4B9E77A3}.Debug|Any CPU.Build.0 = Debug|Any CPU
		{097CEEAE-E567-4D61-AC02-B90C4B9E77A3}.Release|Any CPU.ActiveCfg = Release|Any CPU
		{097CEEAE-E567-4D61-AC02-B90C4B9E77A3}.Release|Any CPU.Build.0 = Release|Any CPU
		{35AEC8DF-9757-412B-AF5F-EE36FCFA3802}.Debug|Any CPU.ActiveCfg = Debug|Any CPU
		{35AEC8DF-9757-412B-AF5F-EE36FCFA3802}.Debug|Any CPU.Build.0 = Debug|Any CPU
		{35AEC8DF-9757-412B-AF5F-EE36FCFA3802}.Release|Any CPU.ActiveCfg = Release|Any CPU
		{35AEC8DF-9757-412B-AF5F-EE36FCFA3802}.Release|Any CPU.Build.0 = Release|Any CPU
		{D3C8065E-B262-4EFD-B31A-D5AC90C346AD}.Debug|Any CPU.ActiveCfg = Debug|Any CPU
		{D3C8065E-B262-4EFD-B31A-D5AC90C346AD}.Debug|Any CPU.Build.0 = Debug|Any CPU
		{D3C8065E-B262-4EFD-B31A-D5AC90C346AD}.Release|Any CPU.ActiveCfg = Release|Any CPU
		{D3C8065E-B262-4EFD-B31A-D5AC90C346AD}.Release|Any CPU.Build.0 = Release|Any CPU
		{4B1AF7D9-2D59-4FBF-B6EA-055F1C47FFED}.Debug|Any CPU.ActiveCfg = Debug|Any CPU
		{4B1AF7D9-2D59-4FBF-B6EA-055F1C47FFED}.Debug|Any CPU.Build.0 = Debug|Any CPU
		{4B1AF7D9-2D59-4FBF-B6EA-055F1C47FFED}.Release|Any CPU.ActiveCfg = Release|Any CPU
		{4B1AF7D9-2D59-4FBF-B6EA-055F1C47FFED}.Release|Any CPU.Build.0 = Release|Any CPU
		{3440BD37-84AD-4362-B245-28150C6B9AD8}.Debug|Any CPU.ActiveCfg = Debug|Any CPU
		{3440BD37-84AD-4362-B245-28150C6B9AD8}.Debug|Any CPU.Build.0 = Debug|Any CPU
		{3440BD37-84AD-4362-B245-28150C6B9AD8}.Release|Any CPU.ActiveCfg = Release|Any CPU
		{3440BD37-84AD-4362-B245-28150C6B9AD8}.Release|Any CPU.Build.0 = Release|Any CPU
		{2809AE6E-0443-4CDD-BE2B-C9594F7602F6}.Debug|Any CPU.ActiveCfg = Debug|Any CPU
		{2809AE6E-0443-4CDD-BE2B-C9594F7602F6}.Debug|Any CPU.Build.0 = Debug|Any CPU
		{2809AE6E-0443-4CDD-BE2B-C9594F7602F6}.Release|Any CPU.ActiveCfg = Release|Any CPU
		{2809AE6E-0443-4CDD-BE2B-C9594F7602F6}.Release|Any CPU.Build.0 = Release|Any CPU
		{31174BD1-5457-4693-A90D-BCF021A8193D}.Debug|Any CPU.ActiveCfg = Debug|Any CPU
		{31174BD1-5457-4693-A90D-BCF021A8193D}.Debug|Any CPU.Build.0 = Debug|Any CPU
		{31174BD1-5457-4693-A90D-BCF021A8193D}.Release|Any CPU.ActiveCfg = Release|Any CPU
		{31174BD1-5457-4693-A90D-BCF021A8193D}.Release|Any CPU.Build.0 = Release|Any CPU
		{878709E8-0FA0-4022-9C08-41C08A37493C}.Debug|Any CPU.ActiveCfg = Debug|Any CPU
		{878709E8-0FA0-4022-9C08-41C08A37493C}.Debug|Any CPU.Build.0 = Debug|Any CPU
		{878709E8-0FA0-4022-9C08-41C08A37493C}.Release|Any CPU.ActiveCfg = Release|Any CPU
		{878709E8-0FA0-4022-9C08-41C08A37493C}.Release|Any CPU.Build.0 = Release|Any CPU
		{88462C8C-56C7-4175-B875-5EBCCFC64FA6}.Debug|Any CPU.ActiveCfg = Debug|Any CPU
		{88462C8C-56C7-4175-B875-5EBCCFC64FA6}.Debug|Any CPU.Build.0 = Debug|Any CPU
		{88462C8C-56C7-4175-B875-5EBCCFC64FA6}.Release|Any CPU.ActiveCfg = Release|Any CPU
		{88462C8C-56C7-4175-B875-5EBCCFC64FA6}.Release|Any CPU.Build.0 = Release|Any CPU
		{2D964C46-21B2-4ABB-A0B2-E9DF86C5791A}.Debug|Any CPU.ActiveCfg = Debug|Any CPU
		{2D964C46-21B2-4ABB-A0B2-E9DF86C5791A}.Debug|Any CPU.Build.0 = Debug|Any CPU
		{2D964C46-21B2-4ABB-A0B2-E9DF86C5791A}.Release|Any CPU.ActiveCfg = Release|Any CPU
		{2D964C46-21B2-4ABB-A0B2-E9DF86C5791A}.Release|Any CPU.Build.0 = Release|Any CPU
	EndGlobalSection
	GlobalSection(SolutionProperties) = preSolution
		HideSolutionNode = FALSE
	EndGlobalSection
	GlobalSection(ExtensibilityGlobals) = postSolution
		SolutionGuid = {232B6410-FE4C-48F9-942B-EFA5D063D8FB}
	EndGlobalSection
EndGlobal
